
Microsoft Visual Studio Solution File, Format Version 12.00
# Visual Studio 2013
Project("{2150E333-8FDC-42A3-9474-1A3956D46DE8}") = "Engine", "Engine", "{43087EE2-675E-4E5D-B1F8-22D2939AF65D}"
EndProject
Project("{2150E333-8FDC-42A3-9474-1A3956D46DE8}") = "Games", "Games", "{EB70158B-0AAE-44F0-837C-30DAB8BEAA30}"
EndProject
Project("{8BC9CEB8-8B4A-11D0-8D11-00A0C91BC942}") = "puzzleLeft4", "Intermediate\ProjectFiles\puzzleLeft4.vcxproj", "{D1711C45-8AA0-4BF3-9466-F4F06BA11BB7}"
	ProjectSection(ProjectDependencies) = postProject
	EndProjectSection
EndProject
Project("{8BC9CEB8-8B4A-11D0-8D11-00A0C91BC942}") = "UE4", "Intermediate\ProjectFiles\UE4.vcxproj", "{E08EBEAF-4E02-4C33-B89A-EA31123A6F9D}"
EndProject
Global
	GlobalSection(SolutionConfigurationPlatforms) = preSolution
		DebugGame Editor|Windows = DebugGame Editor|Windows
		DebugGame|Windows = DebugGame|Windows
		Development Editor|Windows = Development Editor|Windows
		Development|Windows = Development|Windows
		Shipping|Windows = Shipping|Windows
	EndGlobalSection
	GlobalSection(ProjectConfigurationPlatforms) = postSolution
		{D1711C45-8AA0-4BF3-9466-F4F06BA11BB7}.DebugGame Editor|Windows.ActiveCfg = DebugGame_Editor|x64
		{D1711C45-8AA0-4BF3-9466-F4F06BA11BB7}.DebugGame Editor|Windows.Build.0 = DebugGame_Editor|x64
		{D1711C45-8AA0-4BF3-9466-F4F06BA11BB7}.DebugGame|Windows.ActiveCfg = DebugGame_Game|x64
		{D1711C45-8AA0-4BF3-9466-F4F06BA11BB7}.DebugGame|Windows.Build.0 = DebugGame_Game|x64
		{D1711C45-8AA0-4BF3-9466-F4F06BA11BB7}.Development Editor|Windows.ActiveCfg = Development_Editor|x64
		{D1711C45-8AA0-4BF3-9466-F4F06BA11BB7}.Development Editor|Windows.Build.0 = Development_Editor|x64
		{D1711C45-8AA0-4BF3-9466-F4F06BA11BB7}.Development|Windows.ActiveCfg = Development_Game|x64
		{D1711C45-8AA0-4BF3-9466-F4F06BA11BB7}.Development|Windows.Build.0 = Development_Game|x64
		{D1711C45-8AA0-4BF3-9466-F4F06BA11BB7}.Shipping|Windows.ActiveCfg = Shipping_Game|Win32
		{D1711C45-8AA0-4BF3-9466-F4F06BA11BB7}.Shipping|Windows.Build.0 = Shipping_Game|Win32
	EndGlobalSection
	GlobalSection(SolutionProperties) = preSolution
		HideSolutionNode = FALSE
	EndGlobalSection
	GlobalSection(NestedProjects) = preSolution
		{E08EBEAF-4E02-4C33-B89A-EA31123A6F9D} = {43087EE2-675E-4E5D-B1F8-22D2939AF65D}
		{D1711C45-8AA0-4BF3-9466-F4F06BA11BB7} = {EB70158B-0AAE-44F0-837C-30DAB8BEAA30}
	EndGlobalSection
EndGlobal
